
Microsoft Visual Studio Solution File, Format Version 12.00
# Visual Studio Version 17
VisualStudioVersion = 17.13.35913.81 d17.13
MinimumVisualStudioVersion = 10.0.40219.1
Project("{FAE04EC0-301F-11D3-BF4B-00C04F79EFBC}") = "CDCasePrinter", "CDCasePrinter\CDCasePrinter.csproj", "{1B84F7C7-2D8C-4B5E-B8BC-608846CC5849}"
EndProject
Global
	GlobalSection(SolutionConfigurationPlatforms) = preSolution
		Debug|Any CPU = Debug|Any CPU
		Release|Any CPU = Release|Any CPU
	EndGlobalSection
	GlobalSection(ProjectConfigurationPlatforms) = postSolution
		{1B84F7C7-2D8C-4B5E-B8BC-608846CC5849}.Debug|Any CPU.ActiveCfg = Debug|Any CPU
		{1B84F7C7-2D8C-4B5E-B8BC-608846CC5849}.Debug|Any CPU.Build.0 = Debug|Any CPU
		{1B84F7C7-2D8C-4B5E-B8BC-608846CC5849}.Release|Any CPU.ActiveCfg = Release|Any CPU
		{1B84F7C7-2D8C-4B5E-B8BC-608846CC5849}.Release|Any CPU.Build.0 = Release|Any CPU
	EndGlobalSection
	GlobalSection(SolutionProperties) = preSolution
		HideSolutionNode = FALSE
	EndGlobalSection
	GlobalSection(ExtensibilityGlobals) = postSolution
		SolutionGuid = {EC83E3C9-374E-4D9E-A67B-0DE28F28CCEC}
	EndGlobalSection
EndGlobal
